<?xml version="1.0" encoding="UTF-8"?>
<!DOCTYPE plist PUBLIC "-//Apple//DTD PLIST 1.0//EN" "http://www.apple.com/DTDs/PropertyList-1.0.dtd">
<plist version="1.0">
<dict>
	<key>archiveVersion</key>
	<string>1</string>
	<key>classes</key>
	<dict/>
	<key>objectVersion</key>
	<string>46</string>
	<key>objects</key>
	<dict>
		<key>DA096A65161D86A100185403</key>
		<dict>
			<key>children</key>
			<array>
				<string>DAFF33EC161F31CF0092D06F</string>
				<string>DAFF33EA161F316E0092D06F</string>
				<string>DAA3486B161DC248005ED1F8</string>
				<string>DA096A7A161D86A100185403</string>
				<string>DA096A9E161D86A100185403</string>
				<string>DA096A73161D86A100185403</string>
				<string>DA096A71161D86A100185403</string>
			</array>
			<key>isa</key>
			<string>PBXGroup</string>
			<key>sourceTree</key>
			<string>&lt;group&gt;</string>
		</dict>
		<key>DA096A67161D86A100185403</key>
		<dict>
			<key>attributes</key>
			<dict>
				<key>CLASSPREFIX</key>
				<string>InstantMail</string>
				<key>LastUpgradeCheck</key>
				<string>0450</string>
				<key>ORGANIZATIONNAME</key>
				<string>Paul Booth</string>
			</dict>
			<key>buildConfigurationList</key>
			<string>DA096A6A161D86A100185403</string>
			<key>compatibilityVersion</key>
			<string>Xcode 3.2</string>
			<key>developmentRegion</key>
			<string>English</string>
			<key>hasScannedForEncodings</key>
			<string>0</string>
			<key>isa</key>
			<string>PBXProject</string>
			<key>knownRegions</key>
			<array>
				<string>en</string>
			</array>
			<key>mainGroup</key>
			<string>DA096A65161D86A100185403</string>
			<key>productRefGroup</key>
			<string>DA096A71161D86A100185403</string>
			<key>projectDirPath</key>
			<string></string>
			<key>projectRoot</key>
			<string></string>
			<key>targets</key>
			<array>
				<string>DA096A6F161D86A100185403</string>
				<string>DA096A96161D86A100185403</string>
			</array>
		</dict>
		<key>DA096A6A161D86A100185403</key>
		<dict>
			<key>buildConfigurations</key>
			<array>
				<string>DA096AA7161D86A100185403</string>
				<string>DA096AA8161D86A100185403</string>
			</array>
			<key>defaultConfigurationIsVisible</key>
			<string>0</string>
			<key>defaultConfigurationName</key>
			<string>Release</string>
			<key>isa</key>
			<string>XCConfigurationList</string>
		</dict>
		<key>DA096A6C161D86A100185403</key>
		<dict>
			<key>buildActionMask</key>
			<string>2147483647</string>
			<key>files</key>
			<array>
				<string>DA096A81161D86A100185403</string>
				<string>DA096A85161D86A100185403</string>
				<string>DA096A91161D86A100185403</string>
				<string>DAFF33D0161F193A0092D06F</string>
				<string>DAFF33D1161F193A0092D06F</string>
				<string>DAFF33D2161F193A0092D06F</string>
				<string>DAFF33D3161F193A0092D06F</string>
				<string>DAFF33D4161F193A0092D06F</string>
				<string>DAFF33D5161F193A0092D06F</string>
				<string>DAFF33D6161F193A0092D06F</string>
				<string>DAFF33D7161F193A0092D06F</string>
				<string>DAFF33D8161F193A0092D06F</string>
				<string>DAFF33D9161F193A0092D06F</string>
				<string>DAFF33DA161F193A0092D06F</string>
				<string>DAFF33DB161F193A0092D06F</string>
				<string>DAFF33DC161F193A0092D06F</string>
				<string>DAFF33DD161F193A0092D06F</string>
				<string>DAFF33DE161F193A0092D06F</string>
			</array>
			<key>isa</key>
			<string>PBXSourcesBuildPhase</string>
			<key>runOnlyForDeploymentPostprocessing</key>
			<string>0</string>
		</dict>
		<key>DA096A6D161D86A100185403</key>
		<dict>
			<key>buildActionMask</key>
			<string>2147483647</string>
			<key>files</key>
			<array>
				<string>DAA3486C161DC248005ED1F8</string>
				<string>DA096A75161D86A100185403</string>
				<string>DA096A77161D86A100185403</string>
				<string>DA096A79161D86A100185403</string>
			</array>
			<key>isa</key>
			<string>PBXFrameworksBuildPhase</string>
			<key>runOnlyForDeploymentPostprocessing</key>
			<string>0</string>
		</dict>
		<key>DA096A6E161D86A100185403</key>
		<dict>
			<key>buildActionMask</key>
			<string>2147483647</string>
			<key>files</key>
			<array>
				<string>DA096A7F161D86A100185403</string>
				<string>DA096A87161D86A100185403</string>
				<string>DA096A89161D86A100185403</string>
				<string>DA096A8B161D86A100185403</string>
				<string>DA096A8E161D86A100185403</string>
				<string>DABDF2B9161F00C900200939</string>
				<string>DAFF33DF161F193A0092D06F</string>
				<string>DAFF33E0161F193A0092D06F</string>
				<string>DAFF33E1161F193A0092D06F</string>
				<string>DAFF33E2161F193A0092D06F</string>
				<string>DAFF33E3161F193A0092D06F</string>
				<string>DAFF33E4161F193A0092D06F</string>
				<string>DAFF33EB161F316E0092D06F</string>
				<string>DAFF33ED161F31CF0092D06F</string>
			</array>
			<key>isa</key>
			<string>PBXResourcesBuildPhase</string>
			<key>runOnlyForDeploymentPostprocessing</key>
			<string>0</string>
		</dict>
		<key>DA096A6F161D86A100185403</key>
		<dict>
			<key>buildConfigurationList</key>
			<string>DA096AA9161D86A100185403</string>
			<key>buildPhases</key>
			<array>
				<string>DA096A6C161D86A100185403</string>
				<string>DA096A6D161D86A100185403</string>
				<string>DA096A6E161D86A100185403</string>
			</array>
			<key>buildRules</key>
			<array/>
			<key>dependencies</key>
			<array/>
			<key>isa</key>
			<string>PBXNativeTarget</string>
			<key>name</key>
			<string>Instant Mail</string>
			<key>productName</key>
			<string>Instant Mail</string>
			<key>productReference</key>
			<string>DA096A70161D86A100185403</string>
			<key>productType</key>
			<string>com.apple.product-type.application</string>
		</dict>
		<key>DA096A70161D86A100185403</key>
		<dict>
			<key>explicitFileType</key>
			<string>wrapper.application</string>
			<key>includeInIndex</key>
			<string>0</string>
			<key>isa</key>
			<string>PBXFileReference</string>
			<key>name</key>
			<string>Instant Mail.app</string>
			<key>path</key>
			<string>Instant Mail.app</string>
			<key>sourceTree</key>
			<string>BUILT_PRODUCTS_DIR</string>
		</dict>
		<key>DA096A71161D86A100185403</key>
		<dict>
			<key>children</key>
			<array>
				<string>DA096A70161D86A100185403</string>
				<string>DA096A97161D86A100185403</string>
			</array>
			<key>isa</key>
			<string>PBXGroup</string>
			<key>name</key>
			<string>Products</string>
			<key>sourceTree</key>
			<string>&lt;group&gt;</string>
		</dict>
		<key>DA096A73161D86A100185403</key>
		<dict>
			<key>children</key>
			<array>
				<string>DA096A74161D86A100185403</string>
				<string>DA096A76161D86A100185403</string>
				<string>DA096A78161D86A100185403</string>
				<string>DA096A98161D86A100185403</string>
			</array>
			<key>isa</key>
			<string>PBXGroup</string>
			<key>name</key>
			<string>Frameworks</string>
			<key>sourceTree</key>
			<string>&lt;group&gt;</string>
		</dict>
		<key>DA096A74161D86A100185403</key>
		<dict>
			<key>isa</key>
			<string>PBXFileReference</string>
			<key>lastKnownFileType</key>
			<string>wrapper.framework</string>
			<key>name</key>
			<string>UIKit.framework</string>
			<key>path</key>
			<string>System/Library/Frameworks/UIKit.framework</string>
			<key>sourceTree</key>
			<string>SDKROOT</string>
		</dict>
		<key>DA096A75161D86A100185403</key>
		<dict>
			<key>fileRef</key>
			<string>DA096A74161D86A100185403</string>
			<key>isa</key>
			<string>PBXBuildFile</string>
		</dict>
		<key>DA096A76161D86A100185403</key>
		<dict>
			<key>isa</key>
			<string>PBXFileReference</string>
			<key>lastKnownFileType</key>
			<string>wrapper.framework</string>
			<key>name</key>
			<string>Foundation.framework</string>
			<key>path</key>
			<string>System/Library/Frameworks/Foundation.framework</string>
			<key>sourceTree</key>
			<string>SDKROOT</string>
		</dict>
		<key>DA096A77161D86A100185403</key>
		<dict>
			<key>fileRef</key>
			<string>DA096A76161D86A100185403</string>
			<key>isa</key>
			<string>PBXBuildFile</string>
		</dict>
		<key>DA096A78161D86A100185403</key>
		<dict>
			<key>isa</key>
			<string>PBXFileReference</string>
			<key>lastKnownFileType</key>
			<string>wrapper.framework</string>
			<key>name</key>
			<string>CoreGraphics.framework</string>
			<key>path</key>
			<string>System/Library/Frameworks/CoreGraphics.framework</string>
			<key>sourceTree</key>
			<string>SDKROOT</string>
		</dict>
		<key>DA096A79161D86A100185403</key>
		<dict>
			<key>fileRef</key>
			<string>DA096A78161D86A100185403</string>
			<key>isa</key>
			<string>PBXBuildFile</string>
		</dict>
		<key>DA096A7A161D86A100185403</key>
		<dict>
			<key>children</key>
			<array>
				<string>DA096A83161D86A100185403</string>
				<string>DA096A84161D86A100185403</string>
				<string>DA096A8C161D86A100185403</string>
				<string>DABDF2B8161F00C900200939</string>
				<string>DA096A8F161D86A100185403</string>
				<string>DA096A90161D86A100185403</string>
				<string>DAFF33A7161F193A0092D06F</string>
				<string>DA096A7B161D86A100185403</string>
			</array>
			<key>isa</key>
			<string>PBXGroup</string>
			<key>path</key>
			<string>Instant Mail</string>
			<key>sourceTree</key>
			<string>&lt;group&gt;</string>
		</dict>
		<key>DA096A7B161D86A100185403</key>
		<dict>
			<key>children</key>
			<array>
				<string>DA096A7C161D86A100185403</string>
				<string>DA096A7D161D86A100185403</string>
				<string>DA096A80161D86A100185403</string>
				<string>DA096A82161D86A100185403</string>
				<string>DA096A86161D86A100185403</string>
				<string>DA096A88161D86A100185403</string>
				<string>DA096A8A161D86A100185403</string>
			</array>
			<key>isa</key>
			<string>PBXGroup</string>
			<key>name</key>
			<string>Supporting Files</string>
			<key>sourceTree</key>
			<string>&lt;group&gt;</string>
		</dict>
		<key>DA096A7C161D86A100185403</key>
		<dict>
			<key>isa</key>
			<string>PBXFileReference</string>
			<key>lastKnownFileType</key>
			<string>text.plist.xml</string>
			<key>path</key>
			<string>Instant Mail-Info.plist</string>
			<key>sourceTree</key>
			<string>&lt;group&gt;</string>
		</dict>
		<key>DA096A7D161D86A100185403</key>
		<dict>
			<key>children</key>
			<array>
				<string>DA096A7E161D86A100185403</string>
			</array>
			<key>isa</key>
			<string>PBXVariantGroup</string>
			<key>name</key>
			<string>InfoPlist.strings</string>
			<key>sourceTree</key>
			<string>&lt;group&gt;</string>
		</dict>
		<key>DA096A7E161D86A100185403</key>
		<dict>
			<key>isa</key>
			<string>PBXFileReference</string>
			<key>lastKnownFileType</key>
			<string>text.plist.strings</string>
			<key>name</key>
			<string>en</string>
			<key>path</key>
			<string>en.lproj/InfoPlist.strings</string>
			<key>sourceTree</key>
			<string>&lt;group&gt;</string>
		</dict>
		<key>DA096A7F161D86A100185403</key>
		<dict>
			<key>fileRef</key>
			<string>DA096A7D161D86A100185403</string>
			<key>isa</key>
			<string>PBXBuildFile</string>
		</dict>
		<key>DA096A80161D86A100185403</key>
		<dict>
			<key>isa</key>
			<string>PBXFileReference</string>
			<key>lastKnownFileType</key>
			<string>sourcecode.c.objc</string>
			<key>path</key>
			<string>main.m</string>
			<key>sourceTree</key>
			<string>&lt;group&gt;</string>
		</dict>
		<key>DA096A81161D86A100185403</key>
		<dict>
			<key>fileRef</key>
			<string>DA096A80161D86A100185403</string>
			<key>isa</key>
			<string>PBXBuildFile</string>
		</dict>
		<key>DA096A82161D86A100185403</key>
		<dict>
			<key>isa</key>
			<string>PBXFileReference</string>
			<key>lastKnownFileType</key>
			<string>sourcecode.c.h</string>
			<key>path</key>
			<string>Instant Mail-Prefix.pch</string>
			<key>sourceTree</key>
			<string>&lt;group&gt;</string>
		</dict>
		<key>DA096A83161D86A100185403</key>
		<dict>
			<key>isa</key>
			<string>PBXFileReference</string>
			<key>lastKnownFileType</key>
			<string>sourcecode.c.h</string>
			<key>path</key>
			<string>InstantMailAppDelegate.h</string>
			<key>sourceTree</key>
			<string>&lt;group&gt;</string>
		</dict>
		<key>DA096A84161D86A100185403</key>
		<dict>
			<key>isa</key>
			<string>PBXFileReference</string>
			<key>lastKnownFileType</key>
			<string>sourcecode.c.objc</string>
			<key>path</key>
			<string>InstantMailAppDelegate.m</string>
			<key>sourceTree</key>
			<string>&lt;group&gt;</string>
		</dict>
		<key>DA096A85161D86A100185403</key>
		<dict>
			<key>fileRef</key>
			<string>DA096A84161D86A100185403</string>
			<key>isa</key>
			<string>PBXBuildFile</string>
		</dict>
		<key>DA096A86161D86A100185403</key>
		<dict>
			<key>isa</key>
			<string>PBXFileReference</string>
			<key>lastKnownFileType</key>
			<string>image.png</string>
			<key>path</key>
			<string>Default.png</string>
			<key>sourceTree</key>
			<string>&lt;group&gt;</string>
		</dict>
		<key>DA096A87161D86A100185403</key>
		<dict>
			<key>fileRef</key>
			<string>DA096A86161D86A100185403</string>
			<key>isa</key>
			<string>PBXBuildFile</string>
		</dict>
		<key>DA096A88161D86A100185403</key>
		<dict>
			<key>isa</key>
			<string>PBXFileReference</string>
			<key>lastKnownFileType</key>
			<string>image.png</string>
			<key>path</key>
			<string>Default@2x.png</string>
			<key>sourceTree</key>
			<string>&lt;group&gt;</string>
		</dict>
		<key>DA096A89161D86A100185403</key>
		<dict>
			<key>fileRef</key>
			<string>DA096A88161D86A100185403</string>
			<key>isa</key>
			<string>PBXBuildFile</string>
		</dict>
		<key>DA096A8A161D86A100185403</key>
		<dict>
			<key>isa</key>
			<string>PBXFileReference</string>
			<key>lastKnownFileType</key>
			<string>image.png</string>
			<key>path</key>
			<string>Default-568h@2x.png</string>
			<key>sourceTree</key>
			<string>&lt;group&gt;</string>
		</dict>
		<key>DA096A8B161D86A100185403</key>
		<dict>
			<key>fileRef</key>
			<string>DA096A8A161D86A100185403</string>
			<key>isa</key>
			<string>PBXBuildFile</string>
		</dict>
		<key>DA096A8C161D86A100185403</key>
		<dict>
			<key>children</key>
			<array>
				<string>DA096A8D161D86A100185403</string>
			</array>
			<key>isa</key>
			<string>PBXVariantGroup</string>
			<key>name</key>
			<string>MainStoryboard.storyboard</string>
			<key>sourceTree</key>
			<string>&lt;group&gt;</string>
		</dict>
		<key>DA096A8D161D86A100185403</key>
		<dict>
			<key>isa</key>
			<string>PBXFileReference</string>
			<key>lastKnownFileType</key>
			<string>file.storyboard</string>
			<key>name</key>
			<string>en</string>
			<key>path</key>
			<string>en.lproj/MainStoryboard.storyboard</string>
			<key>sourceTree</key>
			<string>&lt;group&gt;</string>
		</dict>
		<key>DA096A8E161D86A100185403</key>
		<dict>
			<key>fileRef</key>
			<string>DA096A8C161D86A100185403</string>
			<key>isa</key>
			<string>PBXBuildFile</string>
		</dict>
		<key>DA096A8F161D86A100185403</key>
		<dict>
			<key>isa</key>
			<string>PBXFileReference</string>
			<key>lastKnownFileType</key>
			<string>sourcecode.c.h</string>
			<key>path</key>
			<string>InstantMailViewController.h</string>
			<key>sourceTree</key>
			<string>&lt;group&gt;</string>
		</dict>
		<key>DA096A90161D86A100185403</key>
		<dict>
			<key>isa</key>
			<string>PBXFileReference</string>
			<key>lastKnownFileType</key>
			<string>sourcecode.c.objc</string>
			<key>path</key>
			<string>InstantMailViewController.m</string>
			<key>sourceTree</key>
			<string>&lt;group&gt;</string>
		</dict>
		<key>DA096A91161D86A100185403</key>
		<dict>
			<key>fileRef</key>
			<string>DA096A90161D86A100185403</string>
			<key>isa</key>
			<string>PBXBuildFile</string>
		</dict>
		<key>DA096A92161D86A100185403</key>
		<dict>
			<key>buildActionMask</key>
			<string>2147483647</string>
			<key>files</key>
			<array>
				<string>DA096AA6161D86A100185403</string>
			</array>
			<key>isa</key>
			<string>PBXSourcesBuildPhase</string>
			<key>runOnlyForDeploymentPostprocessing</key>
			<string>0</string>
		</dict>
		<key>DA096A93161D86A100185403</key>
		<dict>
			<key>buildActionMask</key>
			<string>2147483647</string>
			<key>files</key>
			<array>
				<string>DA096A99161D86A100185403</string>
				<string>DA096A9A161D86A100185403</string>
				<string>DA096A9B161D86A100185403</string>
			</array>
			<key>isa</key>
			<string>PBXFrameworksBuildPhase</string>
			<key>runOnlyForDeploymentPostprocessing</key>
			<string>0</string>
		</dict>
		<key>DA096A94161D86A100185403</key>
		<dict>
			<key>buildActionMask</key>
			<string>2147483647</string>
			<key>files</key>
			<array>
				<string>DA096AA3161D86A100185403</string>
			</array>
			<key>isa</key>
			<string>PBXResourcesBuildPhase</string>
			<key>runOnlyForDeploymentPostprocessing</key>
			<string>0</string>
		</dict>
		<key>DA096A95161D86A100185403</key>
		<dict>
			<key>buildActionMask</key>
			<string>2147483647</string>
			<key>files</key>
			<array/>
			<key>inputPaths</key>
			<array/>
			<key>isa</key>
			<string>PBXShellScriptBuildPhase</string>
			<key>outputPaths</key>
			<array/>
			<key>runOnlyForDeploymentPostprocessing</key>
			<string>0</string>
			<key>shellPath</key>
			<string>/bin/sh</string>
			<key>shellScript</key>
			<string># Run the unit tests in this test bundle.
"${SYSTEM_DEVELOPER_DIR}/Tools/RunUnitTests"
</string>
		</dict>
		<key>DA096A96161D86A100185403</key>
		<dict>
			<key>buildConfigurationList</key>
			<string>DA096AAC161D86A100185403</string>
			<key>buildPhases</key>
			<array>
				<string>DA096A92161D86A100185403</string>
				<string>DA096A93161D86A100185403</string>
				<string>DA096A94161D86A100185403</string>
				<string>DA096A95161D86A100185403</string>
			</array>
			<key>buildRules</key>
			<array/>
			<key>dependencies</key>
			<array>
				<string>DA096A9D161D86A100185403</string>
			</array>
			<key>isa</key>
			<string>PBXNativeTarget</string>
			<key>name</key>
			<string>Instant MailTests</string>
			<key>productName</key>
			<string>Instant MailTests</string>
			<key>productReference</key>
			<string>DA096A97161D86A100185403</string>
			<key>productType</key>
			<string>com.apple.product-type.bundle</string>
		</dict>
		<key>DA096A97161D86A100185403</key>
		<dict>
			<key>explicitFileType</key>
			<string>wrapper.cfbundle</string>
			<key>includeInIndex</key>
			<string>0</string>
			<key>isa</key>
			<string>PBXFileReference</string>
			<key>name</key>
			<string>Instant MailTests.octest</string>
			<key>path</key>
			<string>Instant MailTests.octest</string>
			<key>sourceTree</key>
			<string>BUILT_PRODUCTS_DIR</string>
		</dict>
		<key>DA096A98161D86A100185403</key>
		<dict>
			<key>isa</key>
			<string>PBXFileReference</string>
			<key>lastKnownFileType</key>
			<string>wrapper.framework</string>
			<key>name</key>
			<string>SenTestingKit.framework</string>
			<key>path</key>
			<string>Library/Frameworks/SenTestingKit.framework</string>
			<key>sourceTree</key>
			<string>DEVELOPER_DIR</string>
		</dict>
		<key>DA096A99161D86A100185403</key>
		<dict>
			<key>fileRef</key>
			<string>DA096A98161D86A100185403</string>
			<key>isa</key>
			<string>PBXBuildFile</string>
		</dict>
		<key>DA096A9A161D86A100185403</key>
		<dict>
			<key>fileRef</key>
			<string>DA096A74161D86A100185403</string>
			<key>isa</key>
			<string>PBXBuildFile</string>
		</dict>
		<key>DA096A9B161D86A100185403</key>
		<dict>
			<key>fileRef</key>
			<string>DA096A76161D86A100185403</string>
			<key>isa</key>
			<string>PBXBuildFile</string>
		</dict>
		<key>DA096A9C161D86A100185403</key>
		<dict>
			<key>containerPortal</key>
			<string>DA096A67161D86A100185403</string>
			<key>isa</key>
			<string>PBXContainerItemProxy</string>
			<key>proxyType</key>
			<string>1</string>
			<key>remoteGlobalIDString</key>
			<string>DA096A6F161D86A100185403</string>
			<key>remoteInfo</key>
			<string>Instant Mail</string>
		</dict>
		<key>DA096A9D161D86A100185403</key>
		<dict>
			<key>isa</key>
			<string>PBXTargetDependency</string>
			<key>target</key>
			<string>DA096A6F161D86A100185403</string>
			<key>targetProxy</key>
			<string>DA096A9C161D86A100185403</string>
		</dict>
		<key>DA096A9E161D86A100185403</key>
		<dict>
			<key>children</key>
			<array>
				<string>DA096AA4161D86A100185403</string>
				<string>DA096AA5161D86A100185403</string>
				<string>DA096A9F161D86A100185403</string>
			</array>
			<key>isa</key>
			<string>PBXGroup</string>
			<key>path</key>
			<string>Instant MailTests</string>
			<key>sourceTree</key>
			<string>&lt;group&gt;</string>
		</dict>
		<key>DA096A9F161D86A100185403</key>
		<dict>
			<key>children</key>
			<array>
				<string>DA096AA0161D86A100185403</string>
				<string>DA096AA1161D86A100185403</string>
			</array>
			<key>isa</key>
			<string>PBXGroup</string>
			<key>name</key>
			<string>Supporting Files</string>
			<key>sourceTree</key>
			<string>&lt;group&gt;</string>
		</dict>
		<key>DA096AA0161D86A100185403</key>
		<dict>
			<key>isa</key>
			<string>PBXFileReference</string>
			<key>lastKnownFileType</key>
			<string>text.plist.xml</string>
			<key>path</key>
			<string>Instant MailTests-Info.plist</string>
			<key>sourceTree</key>
			<string>&lt;group&gt;</string>
		</dict>
		<key>DA096AA1161D86A100185403</key>
		<dict>
			<key>children</key>
			<array>
				<string>DA096AA2161D86A100185403</string>
			</array>
			<key>isa</key>
			<string>PBXVariantGroup</string>
			<key>name</key>
			<string>InfoPlist.strings</string>
			<key>sourceTree</key>
			<string>&lt;group&gt;</string>
		</dict>
		<key>DA096AA2161D86A100185403</key>
		<dict>
			<key>isa</key>
			<string>PBXFileReference</string>
			<key>lastKnownFileType</key>
			<string>text.plist.strings</string>
			<key>name</key>
			<string>en</string>
			<key>path</key>
			<string>en.lproj/InfoPlist.strings</string>
			<key>sourceTree</key>
			<string>&lt;group&gt;</string>
		</dict>
		<key>DA096AA3161D86A100185403</key>
		<dict>
			<key>fileRef</key>
			<string>DA096AA1161D86A100185403</string>
			<key>isa</key>
			<string>PBXBuildFile</string>
		</dict>
		<key>DA096AA4161D86A100185403</key>
		<dict>
			<key>isa</key>
			<string>PBXFileReference</string>
			<key>lastKnownFileType</key>
			<string>sourcecode.c.h</string>
			<key>path</key>
			<string>Instant_MailTests.h</string>
			<key>sourceTree</key>
			<string>&lt;group&gt;</string>
		</dict>
		<key>DA096AA5161D86A100185403</key>
		<dict>
			<key>isa</key>
			<string>PBXFileReference</string>
			<key>lastKnownFileType</key>
			<string>sourcecode.c.objc</string>
			<key>path</key>
			<string>Instant_MailTests.m</string>
			<key>sourceTree</key>
			<string>&lt;group&gt;</string>
		</dict>
		<key>DA096AA6161D86A100185403</key>
		<dict>
			<key>fileRef</key>
			<string>DA096AA5161D86A100185403</string>
			<key>isa</key>
			<string>PBXBuildFile</string>
		</dict>
		<key>DA096AA7161D86A100185403</key>
		<dict>
			<key>buildSettings</key>
			<dict>
				<key>ALWAYS_SEARCH_USER_PATHS</key>
				<string>NO</string>
				<key>CLANG_CXX_LANGUAGE_STANDARD</key>
				<string>gnu++0x</string>
				<key>CLANG_CXX_LIBRARY</key>
				<string>libc++</string>
				<key>CLANG_ENABLE_OBJC_ARC</key>
				<string>YES</string>
				<key>CLANG_WARN_EMPTY_BODY</key>
				<string>YES</string>
				<key>CLANG_WARN__DUPLICATE_METHOD_MATCH</key>
				<string>YES</string>
				<key>CODE_SIGN_IDENTITY[sdk=iphoneos*]</key>
				<string>iPhone Developer</string>
				<key>COPY_PHASE_STRIP</key>
				<string>NO</string>
				<key>GCC_C_LANGUAGE_STANDARD</key>
				<string>gnu99</string>
				<key>GCC_DYNAMIC_NO_PIC</key>
				<string>NO</string>
				<key>GCC_OPTIMIZATION_LEVEL</key>
				<string>0</string>
				<key>GCC_PREPROCESSOR_DEFINITIONS</key>
				<array>
					<string>DEBUG=1</string>
					<string>$(inherited)</string>
				</array>
				<key>GCC_SYMBOLS_PRIVATE_EXTERN</key>
				<string>NO</string>
				<key>GCC_WARN_ABOUT_RETURN_TYPE</key>
				<string>YES</string>
				<key>GCC_WARN_UNINITIALIZED_AUTOS</key>
				<string>YES</string>
				<key>GCC_WARN_UNUSED_VARIABLE</key>
				<string>YES</string>
				<key>IPHONEOS_DEPLOYMENT_TARGET</key>
				<string>6.0</string>
				<key>SDKROOT</key>
				<string>iphoneos</string>
			</dict>
			<key>isa</key>
			<string>XCBuildConfiguration</string>
			<key>name</key>
			<string>Debug</string>
		</dict>
		<key>DA096AA8161D86A100185403</key>
		<dict>
			<key>buildSettings</key>
			<dict>
				<key>ALWAYS_SEARCH_USER_PATHS</key>
				<string>NO</string>
				<key>CLANG_CXX_LANGUAGE_STANDARD</key>
				<string>gnu++0x</string>
				<key>CLANG_CXX_LIBRARY</key>
				<string>libc++</string>
				<key>CLANG_ENABLE_OBJC_ARC</key>
				<string>YES</string>
				<key>CLANG_WARN_EMPTY_BODY</key>
				<string>YES</string>
				<key>CLANG_WARN__DUPLICATE_METHOD_MATCH</key>
				<string>YES</string>
				<key>CODE_SIGN_IDENTITY[sdk=iphoneos*]</key>
				<string>iPhone Developer</string>
				<key>COPY_PHASE_STRIP</key>
				<string>YES</string>
				<key>GCC_C_LANGUAGE_STANDARD</key>
				<string>gnu99</string>
				<key>GCC_WARN_ABOUT_RETURN_TYPE</key>
				<string>YES</string>
				<key>GCC_WARN_UNINITIALIZED_AUTOS</key>
				<string>YES</string>
				<key>GCC_WARN_UNUSED_VARIABLE</key>
				<string>YES</string>
				<key>IPHONEOS_DEPLOYMENT_TARGET</key>
				<string>6.0</string>
				<key>OTHER_CFLAGS</key>
				<string>-DNS_BLOCK_ASSERTIONS=1</string>
				<key>SDKROOT</key>
				<string>iphoneos</string>
				<key>VALIDATE_PRODUCT</key>
				<string>YES</string>
			</dict>
			<key>isa</key>
			<string>XCBuildConfiguration</string>
			<key>name</key>
			<string>Release</string>
		</dict>
		<key>DA096AA9161D86A100185403</key>
		<dict>
			<key>buildConfigurations</key>
			<array>
				<string>DA096AAA161D86A100185403</string>
				<string>DA096AAB161D86A100185403</string>
			</array>
			<key>defaultConfigurationIsVisible</key>
			<string>0</string>
			<key>defaultConfigurationName</key>
			<string>Release</string>
			<key>isa</key>
			<string>XCConfigurationList</string>
		</dict>
		<key>DA096AAA161D86A100185403</key>
		<dict>
			<key>buildSettings</key>
			<dict>
				<key>GCC_PRECOMPILE_PREFIX_HEADER</key>
				<string>YES</string>
				<key>GCC_PREFIX_HEADER</key>
				<string>Instant Mail/Instant Mail-Prefix.pch</string>
				<key>INFOPLIST_FILE</key>
				<string>Instant Mail/Instant Mail-Info.plist</string>
				<key>LIBRARY_SEARCH_PATHS</key>
				<array>
					<string>$(inherited)</string>
					<string>$(FRANK_LIBRARY_SEARCH_PATHS)</string>
				</array>
				<key>OTHER_LDFLAGS</key>
				<array>
					<string>$(inherited)</string>
					<string>$(FRANK_LDFLAGS)</string>
				</array>
				<key>PRODUCT_NAME</key>
				<string>$(TARGET_NAME)</string>
				<key>WRAPPER_EXTENSION</key>
				<string>app</string>
			</dict>
			<key>isa</key>
			<string>XCBuildConfiguration</string>
			<key>name</key>
			<string>Debug</string>
		</dict>
		<key>DA096AAB161D86A100185403</key>
		<dict>
			<key>buildSettings</key>
			<dict>
				<key>GCC_PRECOMPILE_PREFIX_HEADER</key>
				<string>YES</string>
				<key>GCC_PREFIX_HEADER</key>
				<string>Instant Mail/Instant Mail-Prefix.pch</string>
				<key>INFOPLIST_FILE</key>
				<string>Instant Mail/Instant Mail-Info.plist</string>
				<key>PRODUCT_NAME</key>
				<string>$(TARGET_NAME)</string>
				<key>WRAPPER_EXTENSION</key>
				<string>app</string>
			</dict>
			<key>isa</key>
			<string>XCBuildConfiguration</string>
			<key>name</key>
			<string>Release</string>
		</dict>
		<key>DA096AAC161D86A100185403</key>
		<dict>
			<key>buildConfigurations</key>
			<array>
				<string>DA096AAD161D86A100185403</string>
				<string>DA096AAE161D86A100185403</string>
			</array>
			<key>defaultConfigurationIsVisible</key>
			<string>0</string>
			<key>defaultConfigurationName</key>
			<string>Release</string>
			<key>isa</key>
			<string>XCConfigurationList</string>
		</dict>
		<key>DA096AAD161D86A100185403</key>
		<dict>
			<key>buildSettings</key>
			<dict>
				<key>BUNDLE_LOADER</key>
				<string>$(BUILT_PRODUCTS_DIR)/Instant Mail.app/Instant Mail</string>
				<key>FRAMEWORK_SEARCH_PATHS</key>
				<array>
					<string>"$(SDKROOT)/Developer/Library/Frameworks"</string>
					<string>"$(DEVELOPER_LIBRARY_DIR)/Frameworks"</string>
				</array>
				<key>GCC_PRECOMPILE_PREFIX_HEADER</key>
				<string>YES</string>
				<key>GCC_PREFIX_HEADER</key>
				<string>Instant Mail/Instant Mail-Prefix.pch</string>
				<key>INFOPLIST_FILE</key>
				<string>Instant MailTests/Instant MailTests-Info.plist</string>
				<key>PRODUCT_NAME</key>
				<string>$(TARGET_NAME)</string>
				<key>TEST_HOST</key>
				<string>$(BUNDLE_LOADER)</string>
				<key>WRAPPER_EXTENSION</key>
				<string>octest</string>
			</dict>
			<key>isa</key>
			<string>XCBuildConfiguration</string>
			<key>name</key>
			<string>Debug</string>
		</dict>
		<key>DA096AAE161D86A100185403</key>
		<dict>
			<key>buildSettings</key>
			<dict>
				<key>BUNDLE_LOADER</key>
				<string>$(BUILT_PRODUCTS_DIR)/Instant Mail.app/Instant Mail</string>
				<key>FRAMEWORK_SEARCH_PATHS</key>
				<array>
					<string>"$(SDKROOT)/Developer/Library/Frameworks"</string>
					<string>"$(DEVELOPER_LIBRARY_DIR)/Frameworks"</string>
				</array>
				<key>GCC_PRECOMPILE_PREFIX_HEADER</key>
				<string>YES</string>
				<key>GCC_PREFIX_HEADER</key>
				<string>Instant Mail/Instant Mail-Prefix.pch</string>
				<key>INFOPLIST_FILE</key>
				<string>Instant MailTests/Instant MailTests-Info.plist</string>
				<key>PRODUCT_NAME</key>
				<string>$(TARGET_NAME)</string>
				<key>TEST_HOST</key>
				<string>$(BUNDLE_LOADER)</string>
				<key>WRAPPER_EXTENSION</key>
				<string>octest</string>
			</dict>
			<key>isa</key>
			<string>XCBuildConfiguration</string>
			<key>name</key>
			<string>Release</string>
		</dict>
		<key>DAA3486B161DC248005ED1F8</key>
		<dict>
			<key>isa</key>
			<string>PBXFileReference</string>
			<key>lastKnownFileType</key>
			<string>wrapper.framework</string>
			<key>name</key>
			<string>MessageUI.framework</string>
			<key>path</key>
			<string>System/Library/Frameworks/MessageUI.framework</string>
			<key>sourceTree</key>
			<string>SDKROOT</string>
		</dict>
		<key>DAA3486C161DC248005ED1F8</key>
		<dict>
			<key>fileRef</key>
			<string>DAA3486B161DC248005ED1F8</string>
			<key>isa</key>
			<string>PBXBuildFile</string>
		</dict>
		<key>DABDF2B8161F00C900200939</key>
		<dict>
			<key>isa</key>
			<string>PBXFileReference</string>
			<key>lastKnownFileType</key>
			<string>wrapper.plug-in</string>
			<key>path</key>
			<string>Settings.bundle</string>
			<key>sourceTree</key>
			<string>&lt;group&gt;</string>
		</dict>
		<key>DABDF2B9161F00C900200939</key>
		<dict>
			<key>fileRef</key>
			<string>DABDF2B8161F00C900200939</string>
			<key>isa</key>
			<string>PBXBuildFile</string>
		</dict>
		<key>DAFF33A7161F193A0092D06F</key>
		<dict>
			<key>children</key>
			<array>
				<string>DAFF33A8161F193A0092D06F</string>
				<string>DAFF33AF161F193A0092D06F</string>
				<string>DAFF33BA161F193A0092D06F</string>
				<string>DAFF33C9161F193A0092D06F</string>
			</array>
			<key>isa</key>
			<string>PBXGroup</string>
			<key>path</key>
			<string>InAppSettingsKit</string>
			<key>sourceTree</key>
			<string>SOURCE_ROOT</string>
		</dict>
		<key>DAFF33A8161F193A0092D06F</key>
		<dict>
			<key>children</key>
			<array>
				<string>DAFF33A9161F193A0092D06F</string>
				<string>DAFF33AA161F193A0092D06F</string>
				<string>DAFF33AB161F193A0092D06F</string>
				<string>DAFF33AC161F193A0092D06F</string>
				<string>DAFF33AD161F193A0092D06F</string>
				<string>DAFF33AE161F193A0092D06F</string>
			</array>
			<key>isa</key>
			<string>PBXGroup</string>
			<key>path</key>
			<string>Controllers</string>
			<key>sourceTree</key>
			<string>&lt;group&gt;</string>
		</dict>
		<key>DAFF33A9161F193A0092D06F</key>
		<dict>
			<key>fileEncoding</key>
			<string>4</string>
			<key>isa</key>
			<string>PBXFileReference</string>
			<key>lastKnownFileType</key>
			<string>sourcecode.c.h</string>
			<key>path</key>
			<string>IASKAppSettingsViewController.h</string>
			<key>sourceTree</key>
			<string>&lt;group&gt;</string>
		</dict>
		<key>DAFF33AA161F193A0092D06F</key>
		<dict>
			<key>fileEncoding</key>
			<string>4</string>
			<key>isa</key>
			<string>PBXFileReference</string>
			<key>lastKnownFileType</key>
			<string>sourcecode.c.objc</string>
			<key>path</key>
			<string>IASKAppSettingsViewController.m</string>
			<key>sourceTree</key>
			<string>&lt;group&gt;</string>
		</dict>
		<key>DAFF33AB161F193A0092D06F</key>
		<dict>
			<key>fileEncoding</key>
			<string>4</string>
			<key>isa</key>
			<string>PBXFileReference</string>
			<key>lastKnownFileType</key>
			<string>sourcecode.c.h</string>
			<key>path</key>
			<string>IASKAppSettingsWebViewController.h</string>
			<key>sourceTree</key>
			<string>&lt;group&gt;</string>
		</dict>
		<key>DAFF33AC161F193A0092D06F</key>
		<dict>
			<key>fileEncoding</key>
			<string>4</string>
			<key>isa</key>
			<string>PBXFileReference</string>
			<key>lastKnownFileType</key>
			<string>sourcecode.c.objc</string>
			<key>path</key>
			<string>IASKAppSettingsWebViewController.m</string>
			<key>sourceTree</key>
			<string>&lt;group&gt;</string>
		</dict>
		<key>DAFF33AD161F193A0092D06F</key>
		<dict>
			<key>fileEncoding</key>
			<string>4</string>
			<key>isa</key>
			<string>PBXFileReference</string>
			<key>lastKnownFileType</key>
			<string>sourcecode.c.h</string>
			<key>path</key>
			<string>IASKSpecifierValuesViewController.h</string>
			<key>sourceTree</key>
			<string>&lt;group&gt;</string>
		</dict>
		<key>DAFF33AE161F193A0092D06F</key>
		<dict>
			<key>fileEncoding</key>
			<string>4</string>
			<key>isa</key>
			<string>PBXFileReference</string>
			<key>lastKnownFileType</key>
			<string>sourcecode.c.objc</string>
			<key>path</key>
			<string>IASKSpecifierValuesViewController.m</string>
			<key>sourceTree</key>
			<string>&lt;group&gt;</string>
		</dict>
		<key>DAFF33AF161F193A0092D06F</key>
		<dict>
			<key>children</key>
			<array>
				<string>DAFF33B0161F193A0092D06F</string>
				<string>DAFF33B1161F193A0092D06F</string>
				<string>DAFF33B2161F193A0092D06F</string>
				<string>DAFF33B3161F193A0092D06F</string>
				<string>DAFF33B4161F193A0092D06F</string>
				<string>DAFF33B5161F193A0092D06F</string>
				<string>DAFF33B6161F193A0092D06F</string>
				<string>DAFF33B7161F193A0092D06F</string>
				<string>DAFF33B8161F193A0092D06F</string>
				<string>DAFF33B9161F193A0092D06F</string>
			</array>
			<key>isa</key>
			<string>PBXGroup</string>
			<key>path</key>
			<string>Models</string>
			<key>sourceTree</key>
			<string>&lt;group&gt;</string>
		</dict>
		<key>DAFF33B0161F193A0092D06F</key>
		<dict>
			<key>fileEncoding</key>
			<string>4</string>
			<key>isa</key>
			<string>PBXFileReference</string>
			<key>lastKnownFileType</key>
			<string>sourcecode.c.h</string>
			<key>path</key>
			<string>IASKSettingsReader.h</string>
			<key>sourceTree</key>
			<string>&lt;group&gt;</string>
		</dict>
		<key>DAFF33B1161F193A0092D06F</key>
		<dict>
			<key>fileEncoding</key>
			<string>4</string>
			<key>isa</key>
			<string>PBXFileReference</string>
			<key>lastKnownFileType</key>
			<string>sourcecode.c.objc</string>
			<key>path</key>
			<string>IASKSettingsReader.m</string>
			<key>sourceTree</key>
			<string>&lt;group&gt;</string>
		</dict>
		<key>DAFF33B2161F193A0092D06F</key>
		<dict>
			<key>fileEncoding</key>
			<string>4</string>
			<key>isa</key>
			<string>PBXFileReference</string>
			<key>lastKnownFileType</key>
			<string>sourcecode.c.h</string>
			<key>path</key>
			<string>IASKSettingsStore.h</string>
			<key>sourceTree</key>
			<string>&lt;group&gt;</string>
		</dict>
		<key>DAFF33B3161F193A0092D06F</key>
		<dict>
			<key>fileEncoding</key>
			<string>4</string>
			<key>isa</key>
			<string>PBXFileReference</string>
			<key>lastKnownFileType</key>
			<string>sourcecode.c.objc</string>
			<key>path</key>
			<string>IASKSettingsStore.m</string>
			<key>sourceTree</key>
			<string>&lt;group&gt;</string>
		</dict>
		<key>DAFF33B4161F193A0092D06F</key>
		<dict>
			<key>fileEncoding</key>
			<string>4</string>
			<key>isa</key>
			<string>PBXFileReference</string>
			<key>lastKnownFileType</key>
			<string>sourcecode.c.h</string>
			<key>path</key>
			<string>IASKSettingsStoreFile.h</string>
			<key>sourceTree</key>
			<string>&lt;group&gt;</string>
		</dict>
		<key>DAFF33B5161F193A0092D06F</key>
		<dict>
			<key>fileEncoding</key>
			<string>4</string>
			<key>isa</key>
			<string>PBXFileReference</string>
			<key>lastKnownFileType</key>
			<string>sourcecode.c.objc</string>
			<key>path</key>
			<string>IASKSettingsStoreFile.m</string>
			<key>sourceTree</key>
			<string>&lt;group&gt;</string>
		</dict>
		<key>DAFF33B6161F193A0092D06F</key>
		<dict>
			<key>fileEncoding</key>
			<string>4</string>
			<key>isa</key>
			<string>PBXFileReference</string>
			<key>lastKnownFileType</key>
			<string>sourcecode.c.h</string>
			<key>path</key>
			<string>IASKSettingsStoreUserDefaults.h</string>
			<key>sourceTree</key>
			<string>&lt;group&gt;</string>
		</dict>
		<key>DAFF33B7161F193A0092D06F</key>
		<dict>
			<key>fileEncoding</key>
			<string>4</string>
			<key>isa</key>
			<string>PBXFileReference</string>
			<key>lastKnownFileType</key>
			<string>sourcecode.c.objc</string>
			<key>path</key>
			<string>IASKSettingsStoreUserDefaults.m</string>
			<key>sourceTree</key>
			<string>&lt;group&gt;</string>
		</dict>
		<key>DAFF33B8161F193A0092D06F</key>
		<dict>
			<key>fileEncoding</key>
			<string>4</string>
			<key>isa</key>
			<string>PBXFileReference</string>
			<key>lastKnownFileType</key>
			<string>sourcecode.c.h</string>
			<key>path</key>
			<string>IASKSpecifier.h</string>
			<key>sourceTree</key>
			<string>&lt;group&gt;</string>
		</dict>
		<key>DAFF33B9161F193A0092D06F</key>
		<dict>
			<key>fileEncoding</key>
			<string>4</string>
			<key>isa</key>
			<string>PBXFileReference</string>
			<key>lastKnownFileType</key>
			<string>sourcecode.c.objc</string>
			<key>path</key>
			<string>IASKSpecifier.m</string>
			<key>sourceTree</key>
			<string>&lt;group&gt;</string>
		</dict>
		<key>DAFF33BA161F193A0092D06F</key>
		<dict>
			<key>children</key>
			<array>
				<string>DAFF33BB161F193A0092D06F</string>
				<string>DAFF33BC161F193A0092D06F</string>
				<string>DAFF33BD161F193A0092D06F</string>
				<string>DAFF33BE161F193A0092D06F</string>
				<string>DAFF33BF161F193A0092D06F</string>
				<string>DAFF33C0161F193A0092D06F</string>
				<string>DAFF33C1161F193A0092D06F</string>
				<string>DAFF33C2161F193A0092D06F</string>
				<string>DAFF33C3161F193A0092D06F</string>
				<string>DAFF33C4161F193A0092D06F</string>
				<string>DAFF33C5161F193A0092D06F</string>
				<string>DAFF33C6161F193A0092D06F</string>
				<string>DAFF33C7161F193A0092D06F</string>
				<string>DAFF33C8161F193A0092D06F</string>
			</array>
			<key>isa</key>
			<string>PBXGroup</string>
			<key>path</key>
			<string>Views</string>
			<key>sourceTree</key>
			<string>&lt;group&gt;</string>
		</dict>
		<key>DAFF33BB161F193A0092D06F</key>
		<dict>
			<key>fileEncoding</key>
			<string>4</string>
			<key>isa</key>
			<string>PBXFileReference</string>
			<key>lastKnownFileType</key>
			<string>sourcecode.c.h</string>
			<key>path</key>
			<string>IASKPSSliderSpecifierViewCell.h</string>
			<key>sourceTree</key>
			<string>&lt;group&gt;</string>
		</dict>
		<key>DAFF33BC161F193A0092D06F</key>
		<dict>
			<key>fileEncoding</key>
			<string>4</string>
			<key>isa</key>
			<string>PBXFileReference</string>
			<key>lastKnownFileType</key>
			<string>sourcecode.c.objc</string>
			<key>path</key>
			<string>IASKPSSliderSpecifierViewCell.m</string>
			<key>sourceTree</key>
			<string>&lt;group&gt;</string>
		</dict>
		<key>DAFF33BD161F193A0092D06F</key>
		<dict>
			<key>fileEncoding</key>
			<string>4</string>
			<key>isa</key>
			<string>PBXFileReference</string>
			<key>lastKnownFileType</key>
			<string>sourcecode.c.h</string>
			<key>path</key>
			<string>IASKPSTextFieldSpecifierViewCell.h</string>
			<key>sourceTree</key>
			<string>&lt;group&gt;</string>
		</dict>
		<key>DAFF33BE161F193A0092D06F</key>
		<dict>
			<key>fileEncoding</key>
			<string>4</string>
			<key>isa</key>
			<string>PBXFileReference</string>
			<key>lastKnownFileType</key>
			<string>sourcecode.c.objc</string>
			<key>path</key>
			<string>IASKPSTextFieldSpecifierViewCell.m</string>
			<key>sourceTree</key>
			<string>&lt;group&gt;</string>
		</dict>
		<key>DAFF33BF161F193A0092D06F</key>
		<dict>
			<key>fileEncoding</key>
			<string>4</string>
			<key>isa</key>
			<string>PBXFileReference</string>
			<key>lastKnownFileType</key>
			<string>sourcecode.c.h</string>
			<key>path</key>
			<string>IASKPSTitleValueSpecifierViewCell.h</string>
			<key>sourceTree</key>
			<string>&lt;group&gt;</string>
		</dict>
		<key>DAFF33C0161F193A0092D06F</key>
		<dict>
			<key>fileEncoding</key>
			<string>4</string>
			<key>isa</key>
			<string>PBXFileReference</string>
			<key>lastKnownFileType</key>
			<string>sourcecode.c.objc</string>
			<key>path</key>
			<string>IASKPSTitleValueSpecifierViewCell.m</string>
			<key>sourceTree</key>
			<string>&lt;group&gt;</string>
		</dict>
		<key>DAFF33C1161F193A0092D06F</key>
		<dict>
			<key>fileEncoding</key>
			<string>4</string>
			<key>isa</key>
			<string>PBXFileReference</string>
			<key>lastKnownFileType</key>
			<string>sourcecode.c.h</string>
			<key>path</key>
			<string>IASKPSToggleSwitchSpecifierViewCell.h</string>
			<key>sourceTree</key>
			<string>&lt;group&gt;</string>
		</dict>
		<key>DAFF33C2161F193A0092D06F</key>
		<dict>
			<key>fileEncoding</key>
			<string>4</string>
			<key>isa</key>
			<string>PBXFileReference</string>
			<key>lastKnownFileType</key>
			<string>sourcecode.c.objc</string>
			<key>path</key>
			<string>IASKPSToggleSwitchSpecifierViewCell.m</string>
			<key>sourceTree</key>
			<string>&lt;group&gt;</string>
		</dict>
		<key>DAFF33C3161F193A0092D06F</key>
		<dict>
			<key>fileEncoding</key>
			<string>4</string>
			<key>isa</key>
			<string>PBXFileReference</string>
			<key>lastKnownFileType</key>
			<string>sourcecode.c.h</string>
			<key>path</key>
			<string>IASKSlider.h</string>
			<key>sourceTree</key>
			<string>&lt;group&gt;</string>
		</dict>
		<key>DAFF33C4161F193A0092D06F</key>
		<dict>
			<key>fileEncoding</key>
			<string>4</string>
			<key>isa</key>
			<string>PBXFileReference</string>
			<key>lastKnownFileType</key>
			<string>sourcecode.c.objc</string>
			<key>path</key>
			<string>IASKSlider.m</string>
			<key>sourceTree</key>
			<string>&lt;group&gt;</string>
		</dict>
		<key>DAFF33C5161F193A0092D06F</key>
		<dict>
			<key>fileEncoding</key>
			<string>4</string>
			<key>isa</key>
			<string>PBXFileReference</string>
			<key>lastKnownFileType</key>
			<string>sourcecode.c.h</string>
			<key>path</key>
			<string>IASKSwitch.h</string>
			<key>sourceTree</key>
			<string>&lt;group&gt;</string>
		</dict>
		<key>DAFF33C6161F193A0092D06F</key>
		<dict>
			<key>fileEncoding</key>
			<string>4</string>
			<key>isa</key>
			<string>PBXFileReference</string>
			<key>lastKnownFileType</key>
			<string>sourcecode.c.objc</string>
			<key>path</key>
			<string>IASKSwitch.m</string>
			<key>sourceTree</key>
			<string>&lt;group&gt;</string>
		</dict>
		<key>DAFF33C7161F193A0092D06F</key>
		<dict>
			<key>fileEncoding</key>
			<string>4</string>
			<key>isa</key>
			<string>PBXFileReference</string>
			<key>lastKnownFileType</key>
			<string>sourcecode.c.h</string>
			<key>path</key>
			<string>IASKTextField.h</string>
			<key>sourceTree</key>
			<string>&lt;group&gt;</string>
		</dict>
		<key>DAFF33C8161F193A0092D06F</key>
		<dict>
			<key>fileEncoding</key>
			<string>4</string>
			<key>isa</key>
			<string>PBXFileReference</string>
			<key>lastKnownFileType</key>
			<string>sourcecode.c.objc</string>
			<key>path</key>
			<string>IASKTextField.m</string>
			<key>sourceTree</key>
			<string>&lt;group&gt;</string>
		</dict>
		<key>DAFF33C9161F193A0092D06F</key>
		<dict>
			<key>children</key>
			<array>
				<string>DAFF33CA161F193A0092D06F</string>
				<string>DAFF33CB161F193A0092D06F</string>
				<string>DAFF33CC161F193A0092D06F</string>
				<string>DAFF33CD161F193A0092D06F</string>
				<string>DAFF33CE161F193A0092D06F</string>
				<string>DAFF33CF161F193A0092D06F</string>
			</array>
			<key>isa</key>
			<string>PBXGroup</string>
			<key>path</key>
			<string>Xibs</string>
			<key>sourceTree</key>
			<string>&lt;group&gt;</string>
		</dict>
		<key>DAFF33CA161F193A0092D06F</key>
		<dict>
			<key>fileEncoding</key>
			<string>4</string>
			<key>isa</key>
			<string>PBXFileReference</string>
			<key>lastKnownFileType</key>
			<string>file.xib</string>
			<key>path</key>
			<string>IASKAppSettingsView.xib</string>
			<key>sourceTree</key>
			<string>&lt;group&gt;</string>
		</dict>
		<key>DAFF33CB161F193A0092D06F</key>
		<dict>
			<key>fileEncoding</key>
			<string>4</string>
			<key>isa</key>
			<string>PBXFileReference</string>
			<key>lastKnownFileType</key>
			<string>file.xib</string>
			<key>path</key>
			<string>IASKAppSettingsWebView.xib</string>
			<key>sourceTree</key>
			<string>&lt;group&gt;</string>
		</dict>
		<key>DAFF33CC161F193A0092D06F</key>
		<dict>
			<key>fileEncoding</key>
			<string>4</string>
			<key>isa</key>
			<string>PBXFileReference</string>
			<key>lastKnownFileType</key>
			<string>file.xib</string>
			<key>path</key>
			<string>IASKPSSliderSpecifierViewCell.xib</string>
			<key>sourceTree</key>
			<string>&lt;group&gt;</string>
		</dict>
		<key>DAFF33CD161F193A0092D06F</key>
		<dict>
			<key>fileEncoding</key>
			<string>4</string>
			<key>isa</key>
			<string>PBXFileReference</string>
			<key>lastKnownFileType</key>
			<string>file.xib</string>
			<key>path</key>
			<string>IASKPSTextFieldSpecifierViewCell.xib</string>
			<key>sourceTree</key>
			<string>&lt;group&gt;</string>
		</dict>
		<key>DAFF33CE161F193A0092D06F</key>
		<dict>
			<key>fileEncoding</key>
			<string>4</string>
			<key>isa</key>
			<string>PBXFileReference</string>
			<key>lastKnownFileType</key>
			<string>file.xib</string>
			<key>path</key>
			<string>IASKPSToggleSwitchSpecifierViewCell.xib</string>
			<key>sourceTree</key>
			<string>&lt;group&gt;</string>
		</dict>
		<key>DAFF33CF161F193A0092D06F</key>
		<dict>
			<key>fileEncoding</key>
			<string>4</string>
			<key>isa</key>
			<string>PBXFileReference</string>
			<key>lastKnownFileType</key>
			<string>file.xib</string>
			<key>path</key>
			<string>IASKSpecifierValuesView.xib</string>
			<key>sourceTree</key>
			<string>&lt;group&gt;</string>
		</dict>
		<key>DAFF33D0161F193A0092D06F</key>
		<dict>
			<key>fileRef</key>
			<string>DAFF33AA161F193A0092D06F</string>
			<key>isa</key>
			<string>PBXBuildFile</string>
		</dict>
		<key>DAFF33D1161F193A0092D06F</key>
		<dict>
			<key>fileRef</key>
			<string>DAFF33AC161F193A0092D06F</string>
			<key>isa</key>
			<string>PBXBuildFile</string>
		</dict>
		<key>DAFF33D2161F193A0092D06F</key>
		<dict>
			<key>fileRef</key>
			<string>DAFF33AE161F193A0092D06F</string>
			<key>isa</key>
			<string>PBXBuildFile</string>
		</dict>
		<key>DAFF33D3161F193A0092D06F</key>
		<dict>
			<key>fileRef</key>
			<string>DAFF33B1161F193A0092D06F</string>
			<key>isa</key>
			<string>PBXBuildFile</string>
		</dict>
		<key>DAFF33D4161F193A0092D06F</key>
		<dict>
			<key>fileRef</key>
			<string>DAFF33B3161F193A0092D06F</string>
			<key>isa</key>
			<string>PBXBuildFile</string>
		</dict>
		<key>DAFF33D5161F193A0092D06F</key>
		<dict>
			<key>fileRef</key>
			<string>DAFF33B5161F193A0092D06F</string>
			<key>isa</key>
			<string>PBXBuildFile</string>
		</dict>
		<key>DAFF33D6161F193A0092D06F</key>
		<dict>
			<key>fileRef</key>
			<string>DAFF33B7161F193A0092D06F</string>
			<key>isa</key>
			<string>PBXBuildFile</string>
		</dict>
		<key>DAFF33D7161F193A0092D06F</key>
		<dict>
			<key>fileRef</key>
			<string>DAFF33B9161F193A0092D06F</string>
			<key>isa</key>
			<string>PBXBuildFile</string>
		</dict>
		<key>DAFF33D8161F193A0092D06F</key>
		<dict>
			<key>fileRef</key>
			<string>DAFF33BC161F193A0092D06F</string>
			<key>isa</key>
			<string>PBXBuildFile</string>
		</dict>
		<key>DAFF33D9161F193A0092D06F</key>
		<dict>
			<key>fileRef</key>
			<string>DAFF33BE161F193A0092D06F</string>
			<key>isa</key>
			<string>PBXBuildFile</string>
		</dict>
		<key>DAFF33DA161F193A0092D06F</key>
		<dict>
			<key>fileRef</key>
			<string>DAFF33C0161F193A0092D06F</string>
			<key>isa</key>
			<string>PBXBuildFile</string>
		</dict>
		<key>DAFF33DB161F193A0092D06F</key>
		<dict>
			<key>fileRef</key>
			<string>DAFF33C2161F193A0092D06F</string>
			<key>isa</key>
			<string>PBXBuildFile</string>
		</dict>
		<key>DAFF33DC161F193A0092D06F</key>
		<dict>
			<key>fileRef</key>
			<string>DAFF33C4161F193A0092D06F</string>
			<key>isa</key>
			<string>PBXBuildFile</string>
		</dict>
		<key>DAFF33DD161F193A0092D06F</key>
		<dict>
			<key>fileRef</key>
			<string>DAFF33C6161F193A0092D06F</string>
			<key>isa</key>
			<string>PBXBuildFile</string>
		</dict>
		<key>DAFF33DE161F193A0092D06F</key>
		<dict>
			<key>fileRef</key>
			<string>DAFF33C8161F193A0092D06F</string>
			<key>isa</key>
			<string>PBXBuildFile</string>
		</dict>
		<key>DAFF33DF161F193A0092D06F</key>
		<dict>
			<key>fileRef</key>
			<string>DAFF33CA161F193A0092D06F</string>
			<key>isa</key>
			<string>PBXBuildFile</string>
		</dict>
		<key>DAFF33E0161F193A0092D06F</key>
		<dict>
			<key>fileRef</key>
			<string>DAFF33CB161F193A0092D06F</string>
			<key>isa</key>
			<string>PBXBuildFile</string>
		</dict>
		<key>DAFF33E1161F193A0092D06F</key>
		<dict>
			<key>fileRef</key>
			<string>DAFF33CC161F193A0092D06F</string>
			<key>isa</key>
			<string>PBXBuildFile</string>
		</dict>
		<key>DAFF33E2161F193A0092D06F</key>
		<dict>
			<key>fileRef</key>
			<string>DAFF33CD161F193A0092D06F</string>
			<key>isa</key>
			<string>PBXBuildFile</string>
		</dict>
		<key>DAFF33E3161F193A0092D06F</key>
		<dict>
			<key>fileRef</key>
			<string>DAFF33CE161F193A0092D06F</string>
			<key>isa</key>
			<string>PBXBuildFile</string>
		</dict>
		<key>DAFF33E4161F193A0092D06F</key>
		<dict>
			<key>fileRef</key>
			<string>DAFF33CF161F193A0092D06F</string>
			<key>isa</key>
			<string>PBXBuildFile</string>
		</dict>
		<key>DAFF33EA161F316E0092D06F</key>
		<dict>
			<key>isa</key>
			<string>PBXFileReference</string>
			<key>lastKnownFileType</key>
			<string>image.png</string>
			<key>path</key>
			<string>app_icon_114.png</string>
			<key>sourceTree</key>
			<string>&lt;group&gt;</string>
		</dict>
		<key>DAFF33EB161F316E0092D06F</key>
		<dict>
			<key>fileRef</key>
			<string>DAFF33EA161F316E0092D06F</string>
			<key>isa</key>
			<string>PBXBuildFile</string>
		</dict>
		<key>DAFF33EC161F31CF0092D06F</key>
		<dict>
			<key>isa</key>
			<string>PBXFileReference</string>
			<key>lastKnownFileType</key>
			<string>image.png</string>
			<key>path</key>
			<string>app_icon_57.png</string>
			<key>sourceTree</key>
			<string>&lt;group&gt;</string>
		</dict>
		<key>DAFF33ED161F31CF0092D06F</key>
		<dict>
			<key>fileRef</key>
			<string>DAFF33EC161F31CF0092D06F</string>
			<key>isa</key>
			<string>PBXBuildFile</string>
		</dict>
	</dict>
	<key>rootObject</key>
	<string>DA096A67161D86A100185403</string>
</dict>
</plist>
